PODS:
  - AFNetworking (1.3.1)
  - BlocksKit (HEAD based on 1.8.2):
    - libffi
  - libffi (3.0.13)
  - NSObject+Expectation (0.2)
  - PutioKit (0.1):
    - AFNetworking (~> 1.0)

DEPENDENCIES:
  - BlocksKit (HEAD)
  - NSObject+Expectation
  - PutioKit (from `git@github.com:PutioKit/PutioKit.git`)

EXTERNAL SOURCES:
  PutioKit:
    :git: git@github.com:PutioKit/PutioKit.git

SPEC CHECKSUMS:
  AFNetworking: 9ec8aafb9269236a7630bd8d9838ce2ba30fa2a0
  BlocksKit: 7396526b0816734103f6133fbb1a520c8b04e80c
  libffi: 64ef39353e747bb2b25e1026afd96a157bf9231c
  NSObject+Expectation: 7acea14a0ac731cb78b9402ac3d314327bd6a143
  PutioKit: de585b6dc650841e4199372a20fb821d286399ef

COCOAPODS: 0.22.2
